
Microsoft Visual Studio Solution File, Format Version 12.00
# Visual Studio Version 17
VisualStudioVersion = 17.6.33712.159
MinimumVisualStudioVersion = 10.0.40219.1
Project("{FAE04EC0-301F-11D3-BF4B-00C04F79EFBC}") = "GrpcServiceMetanitLearn", "GrpcServiceMetanitLearn\GrpcServiceMetanitLearn.csproj", "{8A0A4549-9AD6-48B3-878E-8E0F77A61DA5}"
EndProject
Global
	GlobalSection(SolutionConfigurationPlatforms) = preSolution
		Debug|Any CPU = Debug|Any CPU
		Release|Any CPU = Release|Any CPU
	EndGlobalSection
	GlobalSection(ProjectConfigurationPlatforms) = postSolution
		{8A0A4549-9AD6-48B3-878E-8E0F77A61DA5}.Debug|Any CPU.ActiveCfg = Debug|Any CPU
		{8A0A4549-9AD6-48B3-878E-8E0F77A61DA5}.Debug|Any CPU.Build.0 = Debug|Any CPU
		{8A0A4549-9AD6-48B3-878E-8E0F77A61DA5}.Release|Any CPU.ActiveCfg = Release|Any CPU
		{8A0A4549-9AD6-48B3-878E-8E0F77A61DA5}.Release|Any CPU.Build.0 = Release|Any CPU
	EndGlobalSection
	GlobalSection(SolutionProperties) = preSolution
		HideSolutionNode = FALSE
	EndGlobalSection
	GlobalSection(ExtensibilityGlobals) = postSolution
		SolutionGuid = {77A92B04-A0BC-48B2-B947-EE4FF3D834EB}
	EndGlobalSection
EndGlobal
